
Microsoft Visual Studio Solution File, Format Version 12.00
# Visual Studio Version 16
VisualStudioVersion = 16.0.30114.105
MinimumVisualStudioVersion = 10.0.40219.1
Project("{FAE04EC0-301F-11D3-BF4B-00C04F79EFBC}") = "Project1", "Project1\Project1.csproj", "{32880F56-3226-458E-9292-B41E3C5607BD}"
EndProject
Project("{FAE04EC0-301F-11D3-BF4B-00C04F79EFBC}") = "Project2", "Project2\Project2.csproj", "{488B981F-6800-4EC6-A880-D300D7A60AC4}"
EndProject
Project("{FAE04EC0-301F-11D3-BF4B-00C04F79EFBC}") = "Project3", "Project3\Project3.csproj", "{8EDB038B-1C63-4D1E-9979-8E403B8BECFB}"
EndProject
Project("{FAE04EC0-301F-11D3-BF4B-00C04F79EFBC}") = "Project4", "Project4\Project4.csproj", "{2E3395D4-44C1-486D-8B9C-E5CC649B95F1}"
EndProject
Project("{FAE04EC0-301F-11D3-BF4B-00C04F79EFBC}") = "Project5", "Project5\Project5.csproj", "{A047B673-331B-4840-BA33-16B8E9504634}"
EndProject
Project("{FAE04EC0-301F-11D3-BF4B-00C04F79EFBC}") = "Project6", "Project6\Project6.csproj", "{5CBB6B58-3FC9-4B60-8D68-D79F9367C925}"
EndProject
Project("{FAE04EC0-301F-11D3-BF4B-00C04F79EFBC}") = "Project7", "Project7\Project7.csproj", "{F8EF4ECE-6469-4B54-8592-49B047B2D38C}"
EndProject
Project("{FAE04EC0-301F-11D3-BF4B-00C04F79EFBC}") = "Project8", "Project8\Project8.csproj", "{E7CBEBF7-2936-4E83-89E2-732B58117AE9}"
EndProject
Project("{FAE04EC0-301F-11D3-BF4B-00C04F79EFBC}") = "Project9", "Project9\Project9.csproj", "{E457F25A-F5FC-41DD-9A18-E8207057458F}"
EndProject
Project("{FAE04EC0-301F-11D3-BF4B-00C04F79EFBC}") = "Project10", "Project10\Project10.csproj", "{F162CD5D-0C99-4AA4-803E-E1AF367FAB37}"
EndProject
Project("{FAE04EC0-301F-11D3-BF4B-00C04F79EFBC}") = "Project11", "Project11\Project11.csproj", "{B5E5E0A3-E88D-4DBA-98D5-FD241529DB88}"
EndProject
Project("{FAE04EC0-301F-11D3-BF4B-00C04F79EFBC}") = "Project12", "Project12\Project12.csproj", "{4C22DAE0-C2B8-4D25-B247-BFF052C77468}"
EndProject
Global
	GlobalSection(SolutionConfigurationPlatforms) = preSolution
		Debug|Any CPU = Debug|Any CPU
		Release|Any CPU = Release|Any CPU
	EndGlobalSection
	GlobalSection(SolutionProperties) = preSolution
		HideSolutionNode = FALSE
	EndGlobalSection
	GlobalSection(ProjectConfigurationPlatforms) = postSolution
		{32880F56-3226-458E-9292-B41E3C5607BD}.Debug|Any CPU.ActiveCfg = Debug|Any CPU
		{32880F56-3226-458E-9292-B41E3C5607BD}.Debug|Any CPU.Build.0 = Debug|Any CPU
		{32880F56-3226-458E-9292-B41E3C5607BD}.Release|Any CPU.ActiveCfg = Release|Any CPU
		{32880F56-3226-458E-9292-B41E3C5607BD}.Release|Any CPU.Build.0 = Release|Any CPU
		{488B981F-6800-4EC6-A880-D300D7A60AC4}.Debug|Any CPU.ActiveCfg = Debug|Any CPU
		{488B981F-6800-4EC6-A880-D300D7A60AC4}.Debug|Any CPU.Build.0 = Debug|Any CPU
		{488B981F-6800-4EC6-A880-D300D7A60AC4}.Release|Any CPU.ActiveCfg = Release|Any CPU
		{488B981F-6800-4EC6-A880-D300D7A60AC4}.Release|Any CPU.Build.0 = Release|Any CPU
		{8EDB038B-1C63-4D1E-9979-8E403B8BECFB}.Debug|Any CPU.ActiveCfg = Debug|Any CPU
		{8EDB038B-1C63-4D1E-9979-8E403B8BECFB}.Debug|Any CPU.Build.0 = Debug|Any CPU
		{8EDB038B-1C63-4D1E-9979-8E403B8BECFB}.Release|Any CPU.ActiveCfg = Release|Any CPU
		{8EDB038B-1C63-4D1E-9979-8E403B8BECFB}.Release|Any CPU.Build.0 = Release|Any CPU
		{2E3395D4-44C1-486D-8B9C-E5CC649B95F1}.Debug|Any CPU.ActiveCfg = Debug|Any CPU
		{2E3395D4-44C1-486D-8B9C-E5CC649B95F1}.Debug|Any CPU.Build.0 = Debug|Any CPU
		{2E3395D4-44C1-486D-8B9C-E5CC649B95F1}.Release|Any CPU.ActiveCfg = Release|Any CPU
		{2E3395D4-44C1-486D-8B9C-E5CC649B95F1}.Release|Any CPU.Build.0 = Release|Any CPU
		{A047B673-331B-4840-BA33-16B8E9504634}.Debug|Any CPU.ActiveCfg = Debug|Any CPU
		{A047B673-331B-4840-BA33-16B8E9504634}.Debug|Any CPU.Build.0 = Debug|Any CPU
		{A047B673-331B-4840-BA33-16B8E9504634}.Release|Any CPU.ActiveCfg = Release|Any CPU
		{A047B673-331B-4840-BA33-16B8E9504634}.Release|Any CPU.Build.0 = Release|Any CPU
		{5CBB6B58-3FC9-4B60-8D68-D79F9367C925}.Debug|Any CPU.ActiveCfg = Debug|Any CPU
		{5CBB6B58-3FC9-4B60-8D68-D79F9367C925}.Debug|Any CPU.Build.0 = Debug|Any CPU
		{5CBB6B58-3FC9-4B60-8D68-D79F9367C925}.Release|Any CPU.ActiveCfg = Release|Any CPU
		{5CBB6B58-3FC9-4B60-8D68-D79F9367C925}.Release|Any CPU.Build.0 = Release|Any CPU
		{F8EF4ECE-6469-4B54-8592-49B047B2D38C}.Debug|Any CPU.ActiveCfg = Debug|Any CPU
		{F8EF4ECE-6469-4B54-8592-49B047B2D38C}.Debug|Any CPU.Build.0 = Debug|Any CPU
		{F8EF4ECE-6469-4B54-8592-49B047B2D38C}.Release|Any CPU.ActiveCfg = Release|Any CPU
		{F8EF4ECE-6469-4B54-8592-49B047B2D38C}.Release|Any CPU.Build.0 = Release|Any CPU
		{E7CBEBF7-2936-4E83-89E2-732B58117AE9}.Debug|Any CPU.ActiveCfg = Debug|Any CPU
		{E7CBEBF7-2936-4E83-89E2-732B58117AE9}.Debug|Any CPU.Build.0 = Debug|Any CPU
		{E7CBEBF7-2936-4E83-89E2-732B58117AE9}.Release|Any CPU.ActiveCfg = Release|Any CPU
		{E7CBEBF7-2936-4E83-89E2-732B58117AE9}.Release|Any CPU.Build.0 = Release|Any CPU
		{E457F25A-F5FC-41DD-9A18-E8207057458F}.Debug|Any CPU.ActiveCfg = Debug|Any CPU
		{E457F25A-F5FC-41DD-9A18-E8207057458F}.Debug|Any CPU.Build.0 = Debug|Any CPU
		{E457F25A-F5FC-41DD-9A18-E8207057458F}.Release|Any CPU.ActiveCfg = Release|Any CPU
		{E457F25A-F5FC-41DD-9A18-E8207057458F}.Release|Any CPU.Build.0 = Release|Any CPU
		{F162CD5D-0C99-4AA4-803E-E1AF367FAB37}.Debug|Any CPU.ActiveCfg = Debug|Any CPU
		{F162CD5D-0C99-4AA4-803E-E1AF367FAB37}.Debug|Any CPU.Build.0 = Debug|Any CPU
		{F162CD5D-0C99-4AA4-803E-E1AF367FAB37}.Release|Any CPU.ActiveCfg = Release|Any CPU
		{F162CD5D-0C99-4AA4-803E-E1AF367FAB37}.Release|Any CPU.Build.0 = Release|Any CPU
		{B5E5E0A3-E88D-4DBA-98D5-FD241529DB88}.Debug|Any CPU.ActiveCfg = Debug|Any CPU
		{B5E5E0A3-E88D-4DBA-98D5-FD241529DB88}.Debug|Any CPU.Build.0 = Debug|Any CPU
		{B5E5E0A3-E88D-4DBA-98D5-FD241529DB88}.Release|Any CPU.ActiveCfg = Release|Any CPU
		{B5E5E0A3-E88D-4DBA-98D5-FD241529DB88}.Release|Any CPU.Build.0 = Release|Any CPU
		{4C22DAE0-C2B8-4D25-B247-BFF052C77468}.Debug|Any CPU.ActiveCfg = Debug|Any CPU
		{4C22DAE0-C2B8-4D25-B247-BFF052C77468}.Debug|Any CPU.Build.0 = Debug|Any CPU
		{4C22DAE0-C2B8-4D25-B247-BFF052C77468}.Release|Any CPU.ActiveCfg = Release|Any CPU
		{4C22DAE0-C2B8-4D25-B247-BFF052C77468}.Release|Any CPU.Build.0 = Release|Any CPU
	EndGlobalSection
EndGlobal
